{
  "requires": true,
  "lockfileVersion": 1,
  "dependencies": {
    "all-the-package-names": {
      "version": "1.3825.0",
      "resolved": "https://registry.npmjs.org/all-the-package-names/-/all-the-package-names-1.3825.0.tgz",
      "integrity": "sha512-IcyJEvpavHBt3kcgE8KO8H926adL09MIFbJSpZoOVD0ZKL7Xl6z8vOImWQgcz9OGUb7PJIdo/AG/bdb8aQofYw=="
    }
  }
}
